
Microsoft Visual Studio Solution File, Format Version 12.00
# Visual Studio 15
VisualStudioVersion = 15.0.27004.2008
MinimumVisualStudioVersion = 10.0.40219.1
Project("{2150E333-8FDC-42A3-9474-1A3956D46DE8}") = "src", "src", "{3238BC30-74E4-401B-B82C-456E4B9FF8A1}"
EndProject
Project("{2150E333-8FDC-42A3-9474-1A3956D46DE8}") = "Solution Items", "Solution Items", "{05D1F137-3E06-4E33-B747-21B684D27530}"
EndProject
Project("{9A19103F-16F7-4668-BE54-9A1E7A4F7556}") = "AngularFilters", "src\AngularFilters\AngularFilters.csproj", "{833D9513-CB3B-4755-ABC5-ECF496E1189E}"
EndProject
Global
	GlobalSection(SolutionConfigurationPlatforms) = preSolution
		Debug|Any CPU = Debug|Any CPU
		Release|Any CPU = Release|Any CPU
	EndGlobalSection
	GlobalSection(ProjectConfigurationPlatforms) = postSolution
		{833D9513-CB3B-4755-ABC5-ECF496E1189E}.Debug|Any CPU.ActiveCfg = Debug|Any CPU
		{833D9513-CB3B-4755-ABC5-ECF496E1189E}.Debug|Any CPU.Build.0 = Debug|Any CPU
		{833D9513-CB3B-4755-ABC5-ECF496E1189E}.Release|Any CPU.ActiveCfg = Release|Any CPU
		{833D9513-CB3B-4755-ABC5-ECF496E1189E}.Release|Any CPU.Build.0 = Release|Any CPU
	EndGlobalSection
	GlobalSection(SolutionProperties) = preSolution
		HideSolutionNode = FALSE
	EndGlobalSection
	GlobalSection(NestedProjects) = preSolution
		{833D9513-CB3B-4755-ABC5-ECF496E1189E} = {3238BC30-74E4-401B-B82C-456E4B9FF8A1}
	EndGlobalSection
	GlobalSection(ExtensibilityGlobals) = postSolution
		SolutionGuid = {E883D4A1-4B95-4C37-984D-394D42E608CE}
	EndGlobalSection
EndGlobal
